
Microsoft Visual Studio Solution File, Format Version 11.00
# Visual Studio 2010
Project("{8BC9CEB8-8B4A-11D0-8D11-00A0C91BC942}") = "listslib", "listslib\listslib.vcxproj", "{2A04F496-7248-493D-B8F3-D1D48589DCE9}"
EndProject
Project("{8BC9CEB8-8B4A-11D0-8D11-00A0C91BC942}") = "sample_lists", "sample_lists\sample_lists.vcxproj", "{34E93256-C210-4B37-B9E8-C1CC52C2001F}"
EndProject
Global
	GlobalSection(SolutionConfigurationPlatforms) = preSolution
		Debug|Win32 = Debug|Win32
		Release|Win32 = Release|Win32
	EndGlobalSection
	GlobalSection(ProjectConfigurationPlatforms) = postSolution
		{2A04F496-7248-493D-B8F3-D1D48589DCE9}.Debug|Win32.ActiveCfg = Debug|Win32
		{2A04F496-7248-493D-B8F3-D1D48589DCE9}.Debug|Win32.Build.0 = Debug|Win32
		{2A04F496-7248-493D-B8F3-D1D48589DCE9}.Release|Win32.ActiveCfg = Release|Win32
		{2A04F496-7248-493D-B8F3-D1D48589DCE9}.Release|Win32.Build.0 = Release|Win32
		{34E93256-C210-4B37-B9E8-C1CC52C2001F}.Debug|Win32.ActiveCfg = Debug|Win32
		{34E93256-C210-4B37-B9E8-C1CC52C2001F}.Debug|Win32.Build.0 = Debug|Win32
		{34E93256-C210-4B37-B9E8-C1CC52C2001F}.Release|Win32.ActiveCfg = Release|Win32
		{34E93256-C210-4B37-B9E8-C1CC52C2001F}.Release|Win32.Build.0 = Release|Win32
	EndGlobalSection
	GlobalSection(SolutionProperties) = preSolution
		HideSolutionNode = FALSE
	EndGlobalSection
EndGlobal
